
Microsoft Visual Studio Solution File, Format Version 12.00
# Visual Studio Version 16
VisualStudioVersion = 16.0.28803.571
MinimumVisualStudioVersion = 10.0.40219.1
Project("{FAE04EC0-301F-11D3-BF4B-00C04F79EFBC}") = "ComicBookGallery", "ComicBookGallery\ComicBookGallery.csproj", "{2CF68619-DEA3-4741-945C-FD42B37C2873}"
EndProject
Global
	GlobalSection(SolutionConfigurationPlatforms) = preSolution
		Debug|Any CPU = Debug|Any CPU
		Release|Any CPU = Release|Any CPU
	EndGlobalSection
	GlobalSection(ProjectConfigurationPlatforms) = postSolution
		{2CF68619-DEA3-4741-945C-FD42B37C2873}.Debug|Any CPU.ActiveCfg = Debug|Any CPU
		{2CF68619-DEA3-4741-945C-FD42B37C2873}.Debug|Any CPU.Build.0 = Debug|Any CPU
		{2CF68619-DEA3-4741-945C-FD42B37C2873}.Release|Any CPU.ActiveCfg = Release|Any CPU
		{2CF68619-DEA3-4741-945C-FD42B37C2873}.Release|Any CPU.Build.0 = Release|Any CPU
	EndGlobalSection
	GlobalSection(SolutionProperties) = preSolution
		HideSolutionNode = FALSE
	EndGlobalSection
	GlobalSection(ExtensibilityGlobals) = postSolution
		SolutionGuid = {83DEDB68-B04B-4C3D-9C6B-CFDB91D163A0}
	EndGlobalSection
EndGlobal
